
Microsoft Visual Studio Solution File, Format Version 12.00
# Visual Studio 15
VisualStudioVersion = 15.0.27130.2020
MinimumVisualStudioVersion = 10.0.40219.1
Project("{FAE04EC0-301F-11D3-BF4B-00C04F79EFBC}") = "Assignment", "Assignment\Assignment.csproj", "{7E99FAD0-62AF-470E-AF90-C4ED5DA6E917}"
EndProject
Project("{FAE04EC0-301F-11D3-BF4B-00C04F79EFBC}") = "TextService", "TextService\TextService.csproj", "{3E98B179-0FB1-4F05-9D2B-4AF307221C31}"
EndProject
Global
	GlobalSection(SolutionConfigurationPlatforms) = preSolution
		Debug|Any CPU = Debug|Any CPU
		Release|Any CPU = Release|Any CPU
	EndGlobalSection
	GlobalSection(ProjectConfigurationPlatforms) = postSolution
		{7E99FAD0-62AF-470E-AF90-C4ED5DA6E917}.Debug|Any CPU.ActiveCfg = Debug|Any CPU
		{7E99FAD0-62AF-470E-AF90-C4ED5DA6E917}.Debug|Any CPU.Build.0 = Debug|Any CPU
		{7E99FAD0-62AF-470E-AF90-C4ED5DA6E917}.Release|Any CPU.ActiveCfg = Release|Any CPU
		{7E99FAD0-62AF-470E-AF90-C4ED5DA6E917}.Release|Any CPU.Build.0 = Release|Any CPU
		{3E98B179-0FB1-4F05-9D2B-4AF307221C31}.Debug|Any CPU.ActiveCfg = Debug|Any CPU
		{3E98B179-0FB1-4F05-9D2B-4AF307221C31}.Debug|Any CPU.Build.0 = Debug|Any CPU
		{3E98B179-0FB1-4F05-9D2B-4AF307221C31}.Release|Any CPU.ActiveCfg = Release|Any CPU
		{3E98B179-0FB1-4F05-9D2B-4AF307221C31}.Release|Any CPU.Build.0 = Release|Any CPU
	EndGlobalSection
	GlobalSection(SolutionProperties) = preSolution
		HideSolutionNode = FALSE
	EndGlobalSection
	GlobalSection(ExtensibilityGlobals) = postSolution
		SolutionGuid = {A3A9A60A-5CFC-4B21-B024-1B9CEEF6801F}
	EndGlobalSection
EndGlobal
